
Microsoft Visual Studio Solution File, Format Version 12.00
# Visual Studio 15
VisualStudioVersion = 15.0.28307.329
MinimumVisualStudioVersion = 10.0.40219.1
Project("{FAE04EC0-301F-11D3-BF4B-00C04F79EFBC}") = "VHSOnly", "VHSOnly\VHSOnly.csproj", "{7544BAC7-F99B-4770-8287-BE4FFF17A71B}"
EndProject
Global
	GlobalSection(SolutionConfigurationPlatforms) = preSolution
		Debug|Any CPU = Debug|Any CPU
		Release|Any CPU = Release|Any CPU
	EndGlobalSection
	GlobalSection(ProjectConfigurationPlatforms) = postSolution
		{7544BAC7-F99B-4770-8287-BE4FFF17A71B}.Debug|Any CPU.ActiveCfg = Debug|Any CPU
		{7544BAC7-F99B-4770-8287-BE4FFF17A71B}.Debug|Any CPU.Build.0 = Debug|Any CPU
		{7544BAC7-F99B-4770-8287-BE4FFF17A71B}.Release|Any CPU.ActiveCfg = Release|Any CPU
		{7544BAC7-F99B-4770-8287-BE4FFF17A71B}.Release|Any CPU.Build.0 = Release|Any CPU
	EndGlobalSection
	GlobalSection(SolutionProperties) = preSolution
		HideSolutionNode = FALSE
	EndGlobalSection
	GlobalSection(ExtensibilityGlobals) = postSolution
		SolutionGuid = {3FA9D800-4077-4222-AE67-F424EBA4A40D}
	EndGlobalSection
EndGlobal
